
Microsoft Visual Studio Solution File, Format Version 12.00
# Visual Studio Version 17
VisualStudioVersion = 17.7.34221.43
MinimumVisualStudioVersion = 10.0.40219.1
Project("{FAE04EC0-301F-11D3-BF4B-00C04F79EFBC}") = "SınavaHazırlıkUygulaması", "SınavaHazırlıkUygulaması\SınavaHazırlıkUygulaması.csproj", "{AE22CE2A-2288-4626-870B-BFA4FE8B9F07}"
EndProject
Global
	GlobalSection(SolutionConfigurationPlatforms) = preSolution
		Debug|Any CPU = Debug|Any CPU
		Release|Any CPU = Release|Any CPU
	EndGlobalSection
	GlobalSection(ProjectConfigurationPlatforms) = postSolution
		{AE22CE2A-2288-4626-870B-BFA4FE8B9F07}.Debug|Any CPU.ActiveCfg = Debug|Any CPU
		{AE22CE2A-2288-4626-870B-BFA4FE8B9F07}.Debug|Any CPU.Build.0 = Debug|Any CPU
		{AE22CE2A-2288-4626-870B-BFA4FE8B9F07}.Release|Any CPU.ActiveCfg = Release|Any CPU
		{AE22CE2A-2288-4626-870B-BFA4FE8B9F07}.Release|Any CPU.Build.0 = Release|Any CPU
	EndGlobalSection
	GlobalSection(SolutionProperties) = preSolution
		HideSolutionNode = FALSE
	EndGlobalSection
	GlobalSection(ExtensibilityGlobals) = postSolution
		SolutionGuid = {0AFE2B34-1555-4A93-BC58-47938D02B5DA}
	EndGlobalSection
EndGlobal
